
Microsoft Visual Studio Solution File, Format Version 12.00
# Visual Studio Version 16
VisualStudioVersion = 16.0.31702.278
MinimumVisualStudioVersion = 10.0.40219.1
Project("{FAE04EC0-301F-11D3-BF4B-00C04F79EFBC}") = "PROG - Task 2", "PROG - Task 2\PROG - Task 2.csproj", "{CBF3C421-017A-4FE6-A5EA-439CF9AE3988}"
EndProject
Global
	GlobalSection(SolutionConfigurationPlatforms) = preSolution
		Debug|Any CPU = Debug|Any CPU
		Release|Any CPU = Release|Any CPU
	EndGlobalSection
	GlobalSection(ProjectConfigurationPlatforms) = postSolution
		{CBF3C421-017A-4FE6-A5EA-439CF9AE3988}.Debug|Any CPU.ActiveCfg = Debug|Any CPU
		{CBF3C421-017A-4FE6-A5EA-439CF9AE3988}.Debug|Any CPU.Build.0 = Debug|Any CPU
		{CBF3C421-017A-4FE6-A5EA-439CF9AE3988}.Release|Any CPU.ActiveCfg = Release|Any CPU
		{CBF3C421-017A-4FE6-A5EA-439CF9AE3988}.Release|Any CPU.Build.0 = Release|Any CPU
	EndGlobalSection
	GlobalSection(SolutionProperties) = preSolution
		HideSolutionNode = FALSE
	EndGlobalSection
	GlobalSection(ExtensibilityGlobals) = postSolution
		SolutionGuid = {18FE4266-8980-47B2-9E10-F58A9D0B0788}
	EndGlobalSection
EndGlobal
